
Microsoft Visual Studio Solution File, Format Version 12.00
# Visual Studio 14
VisualStudioVersion = 14.0.24720.0
MinimumVisualStudioVersion = 10.0.40219.1
Project("{FAE04EC0-301F-11D3-BF4B-00C04F79EFBC}") = "ImageProcessing", "ImageProcessing\ImageProcessing.csproj", "{D06B58B9-13A7-4B5C-9C13-DCB93A16DDE6}"
EndProject
Global
	GlobalSection(SolutionConfigurationPlatforms) = preSolution
		Debug|Any CPU = Debug|Any CPU
		Release|Any CPU = Release|Any CPU
	EndGlobalSection
	GlobalSection(ProjectConfigurationPlatforms) = postSolution
		{D06B58B9-13A7-4B5C-9C13-DCB93A16DDE6}.Debug|Any CPU.ActiveCfg = Debug|Any CPU
		{D06B58B9-13A7-4B5C-9C13-DCB93A16DDE6}.Debug|Any CPU.Build.0 = Debug|Any CPU
		{D06B58B9-13A7-4B5C-9C13-DCB93A16DDE6}.Release|Any CPU.ActiveCfg = Release|Any CPU
		{D06B58B9-13A7-4B5C-9C13-DCB93A16DDE6}.Release|Any CPU.Build.0 = Release|Any CPU
	EndGlobalSection
	GlobalSection(SolutionProperties) = preSolution
		HideSolutionNode = FALSE
	EndGlobalSection
EndGlobal
